memo = "fd56cc1810ff527dc29fa5ac153938af6d8df6a405c953638f1275f24d6073d9"

[[projects]]
  branch = "master"
  name = "github.com/inconshreveable/mousetrap"
  packages = ["."]
  revision = "76626ae9c91c4f2a10f34cad8ce83ea42c93bb75"

[[projects]]
  branch = "master"
  name = "github.com/spf13/cobra"
  packages = ["."]
  revision = "7b1b6e8dc027253d45fc029bc269d1c019f83a34"

[[projects]]
  branch = "master"
  name = "github.com/spf13/pflag"
  packages = ["."]
  revision = "f1d95a35e132e8a1868023a08932b14f0b8b8fcb"
